
Microsoft Visual Studio Solution File, Format Version 12.00
# Visual Studio Version 17
VisualStudioVersion = 17.13.35828.75 d17.13
MinimumVisualStudioVersion = 10.0.40219.1
Project("{FAE04EC0-301F-11D3-BF4B-00C04F79EFBC}") = "Infrastructure", "Infrastructure\Infrastructure.csproj", "{D1169635-F18F-403B-AC1B-C2AF3C371404}"
EndProject
Project("{FAE04EC0-301F-11D3-BF4B-00C04F79EFBC}") = "ApplicationCore", "ApplicationCore\ApplicationCore.csproj", "{EBF26AAF-8E6E-4DCB-BB51-972E538770AB}"
EndProject
Project("{FAE04EC0-301F-11D3-BF4B-00C04F79EFBC}") = "WebApi", "WebApi\WebApi.csproj", "{79E15E2B-3A82-4656-BF25-694C6BB3BD94}"
EndProject
Global
	GlobalSection(SolutionConfigurationPlatforms) = preSolution
		Debug|Any CPU = Debug|Any CPU
		Release|Any CPU = Release|Any CPU
	EndGlobalSection
	GlobalSection(ProjectConfigurationPlatforms) = postSolution
		{D1169635-F18F-403B-AC1B-C2AF3C371404}.Debug|Any CPU.ActiveCfg = Debug|Any CPU
		{D1169635-F18F-403B-AC1B-C2AF3C371404}.Debug|Any CPU.Build.0 = Debug|Any CPU
		{D1169635-F18F-403B-AC1B-C2AF3C371404}.Release|Any CPU.ActiveCfg = Release|Any CPU
		{D1169635-F18F-403B-AC1B-C2AF3C371404}.Release|Any CPU.Build.0 = Release|Any CPU
		{EBF26AAF-8E6E-4DCB-BB51-972E538770AB}.Debug|Any CPU.ActiveCfg = Debug|Any CPU
		{EBF26AAF-8E6E-4DCB-BB51-972E538770AB}.Debug|Any CPU.Build.0 = Debug|Any CPU
		{EBF26AAF-8E6E-4DCB-BB51-972E538770AB}.Release|Any CPU.ActiveCfg = Release|Any CPU
		{EBF26AAF-8E6E-4DCB-BB51-972E538770AB}.Release|Any CPU.Build.0 = Release|Any CPU
		{79E15E2B-3A82-4656-BF25-694C6BB3BD94}.Debug|Any CPU.ActiveCfg = Debug|Any CPU
		{79E15E2B-3A82-4656-BF25-694C6BB3BD94}.Debug|Any CPU.Build.0 = Debug|Any CPU
		{79E15E2B-3A82-4656-BF25-694C6BB3BD94}.Release|Any CPU.ActiveCfg = Release|Any CPU
		{79E15E2B-3A82-4656-BF25-694C6BB3BD94}.Release|Any CPU.Build.0 = Release|Any CPU
	EndGlobalSection
	GlobalSection(SolutionProperties) = preSolution
		HideSolutionNode = FALSE
	EndGlobalSection
	GlobalSection(ExtensibilityGlobals) = postSolution
		SolutionGuid = {F08FA8C2-D470-4F38-87FD-357658ACD819}
	EndGlobalSection
EndGlobal
